
Microsoft Visual Studio Solution File, Format Version 12.00
# Visual Studio Version 17
VisualStudioVersion = 17.11.35208.52
MinimumVisualStudioVersion = 10.0.40219.1
Project("{8BC9CEB8-8B4A-11D0-8D11-00A0C91BC942}") = "machinasdk", "machinasdk.vcxproj", "{94864E87-D842-42FC-BBD5-F59B91AC5790}"
EndProject
Global
	GlobalSection(SolutionConfigurationPlatforms) = preSolution
		Debug|x64 = Debug|x64
		Release|x64 = Release|x64
	EndGlobalSection
	GlobalSection(ProjectConfigurationPlatforms) = postSolution
		{94864E87-D842-42FC-BBD5-F59B91AC5790}.Debug|x64.ActiveCfg = debug|x64
		{94864E87-D842-42FC-BBD5-F59B91AC5790}.Debug|x64.Build.0 = debug|x64
		{94864E87-D842-42FC-BBD5-F59B91AC5790}.Release|x64.ActiveCfg = release|x64
		{94864E87-D842-42FC-BBD5-F59B91AC5790}.Release|x64.Build.0 = release|x64
	EndGlobalSection
	GlobalSection(SolutionProperties) = preSolution
		HideSolutionNode = FALSE
	EndGlobalSection
	GlobalSection(ExtensibilityGlobals) = postSolution
		SolutionGuid = {D334AD02-176D-4147-B39A-C7E36CEA3DB5}
	EndGlobalSection
EndGlobal
